
Microsoft Visual Studio Solution File, Format Version 12.00
# Visual Studio 15
VisualStudioVersion = 15.0.27703.2035
MinimumVisualStudioVersion = 10.0.40219.1
Project("{FAE04EC0-301F-11D3-BF4B-00C04F79EFBC}") = "MBran.OpenGraph.Test", "MBran.OpenGraph.Test\MBran.OpenGraph.Test.csproj", "{7F51B117-D13C-43AA-AAC2-24C7DABD0E1E}"
EndProject
Project("{FAE04EC0-301F-11D3-BF4B-00C04F79EFBC}") = "MBran.OpenGraph", "MBran.OpenGraph\MBran.OpenGraph.csproj", "{A4A9F19D-C997-4D4B-BF01-BF605E72CA81}"
EndProject
Global
	GlobalSection(SolutionConfigurationPlatforms) = preSolution
		Debug|Any CPU = Debug|Any CPU
		Release|Any CPU = Release|Any CPU
	EndGlobalSection
	GlobalSection(ProjectConfigurationPlatforms) = postSolution
		{7F51B117-D13C-43AA-AAC2-24C7DABD0E1E}.Debug|Any CPU.ActiveCfg = Debug|Any CPU
		{7F51B117-D13C-43AA-AAC2-24C7DABD0E1E}.Debug|Any CPU.Build.0 = Debug|Any CPU
		{7F51B117-D13C-43AA-AAC2-24C7DABD0E1E}.Release|Any CPU.ActiveCfg = Release|Any CPU
		{7F51B117-D13C-43AA-AAC2-24C7DABD0E1E}.Release|Any CPU.Build.0 = Release|Any CPU
		{A4A9F19D-C997-4D4B-BF01-BF605E72CA81}.Debug|Any CPU.ActiveCfg = Debug|Any CPU
		{A4A9F19D-C997-4D4B-BF01-BF605E72CA81}.Debug|Any CPU.Build.0 = Debug|Any CPU
		{A4A9F19D-C997-4D4B-BF01-BF605E72CA81}.Release|Any CPU.ActiveCfg = Release|Any CPU
		{A4A9F19D-C997-4D4B-BF01-BF605E72CA81}.Release|Any CPU.Build.0 = Release|Any CPU
	EndGlobalSection
	GlobalSection(SolutionProperties) = preSolution
		HideSolutionNode = FALSE
	EndGlobalSection
	GlobalSection(ExtensibilityGlobals) = postSolution
		SolutionGuid = {39EB3106-7B10-45EF-8943-4181275F9613}
	EndGlobalSection
EndGlobal
